// !$*UTF8*$!
{
	archiveVersion = 1;
	classes = {
	};
	objectVersion = 55;
	objects = {

/* Begin PBXBuildFile section */
		F33ECC69278D0F0D006247AC /* NetworkingDataTaskTests.swift in Sources */ = {isa = PBXBuildFile; fileRef = F33ECC68278D0F0D006247AC /* NetworkingDataTaskTests.swift */; };
		F33ECC6B278D13FB006247AC /* Models.swift in Sources */ = {isa = PBXBuildFile; fileRef = F33ECC6A278D13FB006247AC /* Models.swift */; };
		F33ECC6F278D1937006247AC /* MockURLProtocol.swift in Sources */ = {isa = PBXBuildFile; fileRef = F33ECC6E278D1937006247AC /* MockURLProtocol.swift */; };
		F33ECC71278D197D006247AC /* NetworkingTests.swift in Sources */ = {isa = PBXBuildFile; fileRef = F33ECC70278D197D006247AC /* NetworkingTests.swift */; };
		F33ECC90278D8701006247AC /* DailyFxAPITests.swift in Sources */ = {isa = PBXBuildFile; fileRef = F33ECC8F278D8701006247AC /* DailyFxAPITests.swift */; };
		F33ECC93278D9FBD006247AC /* ReportSection.swift in Sources */ = {isa = PBXBuildFile; fileRef = F33ECC92278D9FBD006247AC /* ReportSection.swift */; };
		F33ECC96278DB0BB006247AC /* IGError.swift in Sources */ = {isa = PBXBuildFile; fileRef = F33ECC95278DB0BB006247AC /* IGError.swift */; };
		F33ECC99278DD6E1006247AC /* ReportTableViewCell.swift in Sources */ = {isa = PBXBuildFile; fileRef = F33ECC98278DD6E0006247AC /* ReportTableViewCell.swift */; };
		F33ECC9D278DD807006247AC /* CellProtocol.swift in Sources */ = {isa = PBXBuildFile; fileRef = F33ECC9C278DD806006247AC /* CellProtocol.swift */; };
		F33ECC9F278DDFA9006247AC /* UIViewControllerExtensions.swift in Sources */ = {isa = PBXBuildFile; fileRef = F33ECC9E278DDFA9006247AC /* UIViewControllerExtensions.swift */; };
		F33ECCA1278DE950006247AC /* PublisherExtensions.swift in Sources */ = {isa = PBXBuildFile; fileRef = F33ECCA0278DE950006247AC /* PublisherExtensions.swift */; };
		F33ECCA3278E01C8006247AC /* LoadingView.swift in Sources */ = {isa = PBXBuildFile; fileRef = F33ECCA2278E01C7006247AC /* LoadingView.swift */; };
		F33ECCA5278E0217006247AC /* LoadingProtocol.swift in Sources */ = {isa = PBXBuildFile; fileRef = F33ECCA4278E0217006247AC /* LoadingProtocol.swift */; };
		F33ECCA7278E02B4006247AC /* UIViewExtensions.swift in Sources */ = {isa = PBXBuildFile; fileRef = F33ECCA6278E02B4006247AC /* UIViewExtensions.swift */; };
		F33ECCAA278E434A006247AC /* ColorPalette.swift in Sources */ = {isa = PBXBuildFile; fileRef = F33ECCA9278E434A006247AC /* ColorPalette.swift */; };
		F33ECCAC278E43DA006247AC /* UIColorExtensions.swift in Sources */ = {isa = PBXBuildFile; fileRef = F33ECCAB278E43DA006247AC /* UIColorExtensions.swift */; };
		F33ECCB1278E6165006247AC /* Market.swift in Sources */ = {isa = PBXBuildFile; fileRef = F33ECCB0278E6164006247AC /* Market.swift */; };
		F33ECCB3278E6258006247AC /* MarketSection.swift in Sources */ = {isa = PBXBuildFile; fileRef = F33ECCB2278E6258006247AC /* MarketSection.swift */; };
		F33ECCB7278E7039006247AC /* ArticleDetailView.swift in Sources */ = {isa = PBXBuildFile; fileRef = F33ECCB6278E7038006247AC /* ArticleDetailView.swift */; };
		F33ECCD6278EDBD7006247AC /* README.md in Resources */ = {isa = PBXBuildFile; fileRef = F33ECCD5278EDBD6006247AC /* README.md */; };
		F3714B52278A05C1008A0248 /* TabBarController.swift in Sources */ = {isa = PBXBuildFile; fileRef = F3714B51278A05C1008A0248 /* TabBarController.swift */; };
		F3714B54278A085F008A0248 /* DashboardViewController.swift in Sources */ = {isa = PBXBuildFile; fileRef = F3714B53278A085F008A0248 /* DashboardViewController.swift */; };
		F3714B56278A091A008A0248 /* DashboardCoordinator.swift in Sources */ = {isa = PBXBuildFile; fileRef = F3714B55278A091A008A0248 /* DashboardCoordinator.swift */; };
		F3714B58278A0935008A0248 /* MarketsCoordinator.swift in Sources */ = {isa = PBXBuildFile; fileRef = F3714B57278A0935008A0248 /* MarketsCoordinator.swift */; };
		F3714B5A278A0AE3008A0248 /* MarketsViewController.swift in Sources */ = {isa = PBXBuildFile; fileRef = F3714B59278A0AE3008A0248 /* MarketsViewController.swift */; };
		F3714B5C278A1774008A0248 /* ArticlesViewController.swift in Sources */ = {isa = PBXBuildFile; fileRef = F3714B5B278A1774008A0248 /* ArticlesViewController.swift */; };
		F3714B5E278A17B3008A0248 /* ArticlesCoordinator.swift in Sources */ = {isa = PBXBuildFile; fileRef = F3714B5D278A17B3008A0248 /* ArticlesCoordinator.swift */; };
		F3714B60278A1E0B008A0248 /* ArticleDetailViewController.swift in Sources */ = {isa = PBXBuildFile; fileRef = F3714B5F278A1E0B008A0248 /* ArticleDetailViewController.swift */; };
		F3714B62278A1E29008A0248 /* ArticleDetailCoordinator.swift in Sources */ = {isa = PBXBuildFile; fileRef = F3714B61278A1E29008A0248 /* ArticleDetailCoordinator.swift */; };
		F3714B65278A636B008A0248 /* Author.swift in Sources */ = {isa = PBXBuildFile; fileRef = F3714B64278A636B008A0248 /* Author.swift */; };
		F3714B67278A641F008A0248 /* Dashboard.swift in Sources */ = {isa = PBXBuildFile; fileRef = F3714B66278A641F008A0248 /* Dashboard.swift */; };
		F3714B69278A65FC008A0248 /* DailyBriefings.swift in Sources */ = {isa = PBXBuildFile; fileRef = F3714B68278A65FC008A0248 /* DailyBriefings.swift */; };
		F3714B6B278A660A008A0248 /* Report.swift in Sources */ = {isa = PBXBuildFile; fileRef = F3714B6A278A660A008A0248 /* Report.swift */; };
		F3714B6E278A6C75008A0248 /* ArticlesViewModel.swift in Sources */ = {isa = PBXBuildFile; fileRef = F3714B6D278A6C75008A0248 /* ArticlesViewModel.swift */; };
		F3714B70278A6DED008A0248 /* ArticleDetailViewModel.swift in Sources */ = {isa = PBXBuildFile; fileRef = F3714B6F278A6DED008A0248 /* ArticleDetailViewModel.swift */; };
		F3714B72278A6E17008A0248 /* MarketsViewModel.swift in Sources */ = {isa = PBXBuildFile; fileRef = F3714B71278A6E17008A0248 /* MarketsViewModel.swift */; };
		F3714B75278A757E008A0248 /* Networking.swift in Sources */ = {isa = PBXBuildFile; fileRef = F3714B74278A757E008A0248 /* Networking.swift */; };
		F3714B77278A7BDB008A0248 /* NetworkTask.swift in Sources */ = {isa = PBXBuildFile; fileRef = F3714B76278A7BDB008A0248 /* NetworkTask.swift */; };
		F3714B79278A7BEA008A0248 /* HTTPMethod.swift in Sources */ = {isa = PBXBuildFile; fileRef = F3714B78278A7BEA008A0248 /* HTTPMethod.swift */; };
		F3714B7C278B2B0C008A0248 /* NetworkConstants.swift in Sources */ = {isa = PBXBuildFile; fileRef = F3714B7B278B2B0C008A0248 /* NetworkConstants.swift */; };
		F3714B7E278B3519008A0248 /* NetworkingError.swift in Sources */ = {isa = PBXBuildFile; fileRef = F3714B7D278B3519008A0248 /* NetworkingError.swift */; };
		F3714B80278B40A0008A0248 /* NetworkDataTask.swift in Sources */ = {isa = PBXBuildFile; fileRef = F3714B7F278B40A0008A0248 /* NetworkDataTask.swift */; };
		F3714B83278B4147008A0248 /* NetworkError.swift in Sources */ = {isa = PBXBuildFile; fileRef = F3714B82278B4147008A0248 /* NetworkError.swift */; };
		F3714B85278B4A77008A0248 /* DiscardableResult.swift in Sources */ = {isa = PBXBuildFile; fileRef = F3714B84278B4A77008A0248 /* DiscardableResult.swift */; };
		F3714B8A278B5DC0008A0248 /* DailyFxAPI.swift in Sources */ = {isa = PBXBuildFile; fileRef = F3714B89278B5DC0008A0248 /* DailyFxAPI.swift */; };
		F3714B8C278B6196008A0248 /* Config.swift in Sources */ = {isa = PBXBuildFile; fileRef = F3714B8B278B6196008A0248 /* Config.swift */; };
		F3714B8E278B61D0008A0248 /* Endpoint.swift in Sources */ = {isa = PBXBuildFile; fileRef = F3714B8D278B61D0008A0248 /* Endpoint.swift */; };
		F3714B93278BAE84008A0248 /* DashboardEndpoint.swift in Sources */ = {isa = PBXBuildFile; fileRef = F3714B92278BAE84008A0248 /* DashboardEndpoint.swift */; };
		F3714B95278BAF20008A0248 /* MarketsEndpoint.swift in Sources */ = {isa = PBXBuildFile; fileRef = F3714B94278BAF20008A0248 /* MarketsEndpoint.swift */; };
		F3714B99278BAFE8008A0248 /* DashboardRequests.swift in Sources */ = {isa = PBXBuildFile; fileRef = F3714B98278BAFE8008A0248 /* DashboardRequests.swift */; };
		F3714B9B278BB32C008A0248 /* MarketsRequest.swift in Sources */ = {isa = PBXBuildFile; fileRef = F3714B9A278BB32C008A0248 /* MarketsRequest.swift */; };
		F3714B9D278BB443008A0248 /* Markets.swift in Sources */ = {isa = PBXBuildFile; fileRef = F3714B9C278BB443008A0248 /* Markets.swift */; };
		F3714BA0278BBCF3008A0248 /* DashboardDataSource.swift in Sources */ = {isa = PBXBuildFile; fileRef = F3714B9F278BBCF2008A0248 /* DashboardDataSource.swift */; };
		F3714BA2278BBE10008A0248 /* MarketsDataSource.swift in Sources */ = {isa = PBXBuildFile; fileRef = F3714BA1278BBE10008A0248 /* MarketsDataSource.swift */; };
		F3F4266727852866002EC461 /* AppDelegate.swift in Sources */ = {isa = PBXBuildFile; fileRef = F3F4266627852866002EC461 /* AppDelegate.swift */; };
		F3F4266927852866002EC461 /* SceneDelegate.swift in Sources */ = {isa = PBXBuildFile; fileRef = F3F4266827852866002EC461 /* SceneDelegate.swift */; };
		F3F4266B27852866002EC461 /* ViewController.swift in Sources */ = {isa = PBXBuildFile; fileRef = F3F4266A27852866002EC461 /* ViewController.swift */; };
		F3F426702785286A002EC461 /* Assets.xcassets in Resources */ = {isa = PBXBuildFile; fileRef = F3F4266F2785286A002EC461 /* Assets.xcassets */; };
		F3F426732785286A002EC461 /* LaunchScreen.storyboard in Resources */ = {isa = PBXBuildFile; fileRef = F3F426712785286A002EC461 /* LaunchScreen.storyboard */; };
		F3F4267E2785286A002EC461 /* IGTestTests.swift in Sources */ = {isa = PBXBuildFile; fileRef = F3F4267D2785286A002EC461 /* IGTestTests.swift */; };
		F3F426882785286A002EC461 /* IGTestUITests.swift in Sources */ = {isa = PBXBuildFile; fileRef = F3F426872785286A002EC461 /* IGTestUITests.swift */; };
		F3F4268A2785286A002EC461 /* IGTestUITestsLaunchTests.swift in Sources */ = {isa = PBXBuildFile; fileRef = F3F426892785286A002EC461 /* IGTestUITestsLaunchTests.swift */; };
		F3F4269827852955002EC461 /* Coordinator.swift in Sources */ = {isa = PBXBuildFile; fileRef = F3F4269727852955002EC461 /* Coordinator.swift */; };
		F3F4269A27852A7F002EC461 /* AppCoordinator.swift in Sources */ = {isa = PBXBuildFile; fileRef = F3F4269927852A7F002EC461 /* AppCoordinator.swift */; };
		F3F4269C27852B06002EC461 /* TabCoordinator.swift in Sources */ = {isa = PBXBuildFile; fileRef = F3F4269B27852B06002EC461 /* TabCoordinator.swift */; };
/* End PBXBuildFile section */

/* Begin PBXContainerItemProxy section */
		F3F4267A2785286A002EC461 /* PBXContainerItemProxy */ = {
			isa = PBXContainerItemProxy;
			containerPortal = F3F4265B27852866002EC461 /* Project object */;
			proxyType = 1;
			remoteGlobalIDString = F3F4266227852866002EC461;
			remoteInfo = IGTest;
		};
		F3F426842785286A002EC461 /* PBXContainerItemProxy */ = {
			isa = PBXContainerItemProxy;
			containerPortal = F3F4265B27852866002EC461 /* Project object */;
			proxyType = 1;
			remoteGlobalIDString = F3F4266227852866002EC461;
			remoteInfo = IGTest;
		};
/* End PBXContainerItemProxy section */

/* Begin PBXFileReference section */
		F33ECC68278D0F0D006247AC /* NetworkingDataTaskTests.swift */ = {isa = PBXFileReference; lastKnownFileType = sourcecode.swift; path = NetworkingDataTaskTests.swift; sourceTree = "<group>"; };
		F33ECC6A278D13FB006247AC /* Models.swift */ = {isa = PBXFileReference; lastKnownFileType = sourcecode.swift; path = Models.swift; sourceTree = "<group>"; };
		F33ECC6E278D1937006247AC /* MockURLProtocol.swift */ = {isa = PBXFileReference; lastKnownFileType = sourcecode.swift; path = MockURLProtocol.swift; sourceTree = "<group>"; };
		F33ECC70278D197D006247AC /* NetworkingTests.swift */ = {isa = PBXFileReference; lastKnownFileType = sourcecode.swift; path = NetworkingTests.swift; sourceTree = "<group>"; };
		F33ECC8F278D8701006247AC /* DailyFxAPITests.swift */ = {isa = PBXFileReference; lastKnownFileType = sourcecode.swift; path = DailyFxAPITests.swift; sourceTree = "<group>"; };
		F33ECC92278D9FBD006247AC /* ReportSection.swift */ = {isa = PBXFileReference; lastKnownFileType = sourcecode.swift; path = ReportSection.swift; sourceTree = "<group>"; };
		F33ECC95278DB0BB006247AC /* IGError.swift */ = {isa = PBXFileReference; lastKnownFileType = sourcecode.swift; path = IGError.swift; sourceTree = "<group>"; };
		F33ECC98278DD6E0006247AC /* ReportTableViewCell.swift */ = {isa = PBXFileReference; lastKnownFileType = sourcecode.swift; path = ReportTableViewCell.swift; sourceTree = "<group>"; };
		F33ECC9C278DD806006247AC /* CellProtocol.swift */ = {isa = PBXFileReference; lastKnownFileType = sourcecode.swift; path = CellProtocol.swift; sourceTree = "<group>"; };
		F33ECC9E278DDFA9006247AC /* UIViewControllerExtensions.swift */ = {isa = PBXFileReference; lastKnownFileType = sourcecode.swift; path = UIViewControllerExtensions.swift; sourceTree = "<group>"; };
		F33ECCA0278DE950006247AC /* PublisherExtensions.swift */ = {isa = PBXFileReference; lastKnownFileType = sourcecode.swift; path = PublisherExtensions.swift; sourceTree = "<group>"; };
		F33ECCA2278E01C7006247AC /* LoadingView.swift */ = {isa = PBXFileReference; lastKnownFileType = sourcecode.swift; path = LoadingView.swift; sourceTree = "<group>"; };
		F33ECCA4278E0217006247AC /* LoadingProtocol.swift */ = {isa = PBXFileReference; lastKnownFileType = sourcecode.swift; path = LoadingProtocol.swift; sourceTree = "<group>"; };
		F33ECCA6278E02B4006247AC /* UIViewExtensions.swift */ = {isa = PBXFileReference; lastKnownFileType = sourcecode.swift; path = UIViewExtensions.swift; sourceTree = "<group>"; };
		F33ECCA9278E434A006247AC /* ColorPalette.swift */ = {isa = PBXFileReference; lastKnownFileType = sourcecode.swift; path = ColorPalette.swift; sourceTree = "<group>"; };
		F33ECCAB278E43DA006247AC /* UIColorExtensions.swift */ = {isa = PBXFileReference; lastKnownFileType = sourcecode.swift; path = UIColorExtensions.swift; sourceTree = "<group>"; };
		F33ECCB0278E6164006247AC /* Market.swift */ = {isa = PBXFileReference; lastKnownFileType = sourcecode.swift; path = Market.swift; sourceTree = "<group>"; };
		F33ECCB2278E6258006247AC /* MarketSection.swift */ = {isa = PBXFileReference; lastKnownFileType = sourcecode.swift; path = MarketSection.swift; sourceTree = "<group>"; };
		F33ECCB6278E7038006247AC /* ArticleDetailView.swift */ = {isa = PBXFileReference; lastKnownFileType = sourcecode.swift; path = ArticleDetailView.swift; sourceTree = "<group>"; };
		F33ECCD5278EDBD6006247AC /* README.md */ = {isa = PBXFileReference; fileEncoding = 4; lastKnownFileType = net.daringfireball.markdown; path = README.md; sourceTree = "<group>"; };
		F3714B51278A05C1008A0248 /* TabBarController.swift */ = {isa = PBXFileReference; lastKnownFileType = sourcecode.swift; path = TabBarController.swift; sourceTree = "<group>"; };
		F3714B53278A085F008A0248 /* DashboardViewController.swift */ = {isa = PBXFileReference; lastKnownFileType = sourcecode.swift; path = DashboardViewController.swift; sourceTree = "<group>"; };
		F3714B55278A091A008A0248 /* DashboardCoordinator.swift */ = {isa = PBXFileReference; lastKnownFileType = sourcecode.swift; path = DashboardCoordinator.swift; sourceTree = "<group>"; };
		F3714B57278A0935008A0248 /* MarketsCoordinator.swift */ = {isa = PBXFileReference; lastKnownFileType = sourcecode.swift; path = MarketsCoordinator.swift; sourceTree = "<group>"; };
		F3714B59278A0AE3008A0248 /* MarketsViewController.swift */ = {isa = PBXFileReference; lastKnownFileType = sourcecode.swift; path = MarketsViewController.swift; sourceTree = "<group>"; };
		F3714B5B278A1774008A0248 /* ArticlesViewController.swift */ = {isa = PBXFileReference; lastKnownFileType = sourcecode.swift; path = ArticlesViewController.swift; sourceTree = "<group>"; };
		F3714B5D278A17B3008A0248 /* ArticlesCoordinator.swift */ = {isa = PBXFileReference; lastKnownFileType = sourcecode.swift; path = ArticlesCoordinator.swift; sourceTree = "<group>"; };
		F3714B5F278A1E0B008A0248 /* ArticleDetailViewController.swift */ = {isa = PBXFileReference; lastKnownFileType = sourcecode.swift; path = ArticleDetailViewController.swift; sourceTree = "<group>"; };
		F3714B61278A1E29008A0248 /* ArticleDetailCoordinator.swift */ = {isa = PBXFileReference; lastKnownFileType = sourcecode.swift; path = ArticleDetailCoordinator.swift; sourceTree = "<group>"; };
		F3714B64278A636B008A0248 /* Author.swift */ = {isa = PBXFileReference; lastKnownFileType = sourcecode.swift; path = Author.swift; sourceTree = "<group>"; };
		F3714B66278A641F008A0248 /* Dashboard.swift */ = {isa = PBXFileReference; lastKnownFileType = sourcecode.swift; path = Dashboard.swift; sourceTree = "<group>"; };
		F3714B68278A65FC008A0248 /* DailyBriefings.swift */ = {isa = PBXFileReference; lastKnownFileType = sourcecode.swift; path = DailyBriefings.swift; sourceTree = "<group>"; };
		F3714B6A278A660A008A0248 /* Report.swift */ = {isa = PBXFileReference; lastKnownFileType = sourcecode.swift; path = Report.swift; sourceTree = "<group>"; };
		F3714B6D278A6C75008A0248 /* ArticlesViewModel.swift */ = {isa = PBXFileReference; lastKnownFileType = sourcecode.swift; path = ArticlesViewModel.swift; sourceTree = "<group>"; };
		F3714B6F278A6DED008A0248 /* ArticleDetailViewModel.swift */ = {isa = PBXFileReference; lastKnownFileType = sourcecode.swift; path = ArticleDetailViewModel.swift; sourceTree = "<group>"; };
		F3714B71278A6E17008A0248 /* MarketsViewModel.swift */ = {isa = PBXFileReference; lastKnownFileType = sourcecode.swift; path = MarketsViewModel.swift; sourceTree = "<group>"; };
		F3714B74278A757E008A0248 /* Networking.swift */ = {isa = PBXFileReference; lastKnownFileType = sourcecode.swift; path = Networking.swift; sourceTree = "<group>"; };
		F3714B76278A7BDB008A0248 /* NetworkTask.swift */ = {isa = PBXFileReference; lastKnownFileType = sourcecode.swift; path = NetworkTask.swift; sourceTree = "<group>"; };
		F3714B78278A7BEA008A0248 /* HTTPMethod.swift */ = {isa = PBXFileReference; lastKnownFileType = sourcecode.swift; path = HTTPMethod.swift; sourceTree = "<group>"; };
		F3714B7B278B2B0C008A0248 /* NetworkConstants.swift */ = {isa = PBXFileReference; lastKnownFileType = sourcecode.swift; path = NetworkConstants.swift; sourceTree = "<group>"; };
		F3714B7D278B3519008A0248 /* NetworkingError.swift */ = {isa = PBXFileReference; lastKnownFileType = sourcecode.swift; path = NetworkingError.swift; sourceTree = "<group>"; };
		F3714B7F278B40A0008A0248 /* NetworkDataTask.swift */ = {isa = PBXFileReference; lastKnownFileType = sourcecode.swift; path = NetworkDataTask.swift; sourceTree = "<group>"; };
		F3714B82278B4147008A0248 /* NetworkError.swift */ = {isa = PBXFileReference; lastKnownFileType = sourcecode.swift; path = NetworkError.swift; sourceTree = "<group>"; };
		F3714B84278B4A77008A0248 /* DiscardableResult.swift */ = {isa = PBXFileReference; lastKnownFileType = sourcecode.swift; path = DiscardableResult.swift; sourceTree = "<group>"; };
		F3714B89278B5DC0008A0248 /* DailyFxAPI.swift */ = {isa = PBXFileReference; lastKnownFileType = sourcecode.swift; path = DailyFxAPI.swift; sourceTree = "<group>"; };
		F3714B8B278B6196008A0248 /* Config.swift */ = {isa = PBXFileReference; lastKnownFileType = sourcecode.swift; path = Config.swift; sourceTree = "<group>"; };
		F3714B8D278B61D0008A0248 /* Endpoint.swift */ = {isa = PBXFileReference; lastKnownFileType = sourcecode.swift; path = Endpoint.swift; sourceTree = "<group>"; };
		F3714B92278BAE84008A0248 /* DashboardEndpoint.swift */ = {isa = PBXFileReference; lastKnownFileType = sourcecode.swift; path = DashboardEndpoint.swift; sourceTree = "<group>"; };
		F3714B94278BAF20008A0248 /* MarketsEndpoint.swift */ = {isa = PBXFileReference; lastKnownFileType = sourcecode.swift; path = MarketsEndpoint.swift; sourceTree = "<group>"; };
		F3714B98278BAFE8008A0248 /* DashboardRequests.swift */ = {isa = PBXFileReference; lastKnownFileType = sourcecode.swift; path = DashboardRequests.swift; sourceTree = "<group>"; };
		F3714B9A278BB32C008A0248 /* MarketsRequest.swift */ = {isa = PBXFileReference; lastKnownFileType = sourcecode.swift; path = MarketsRequest.swift; sourceTree = "<group>"; };
		F3714B9C278BB443008A0248 /* Markets.swift */ = {isa = PBXFileReference; lastKnownFileType = sourcecode.swift; path = Markets.swift; sourceTree = "<group>"; };
		F3714B9F278BBCF2008A0248 /* DashboardDataSource.swift */ = {isa = PBXFileReference; fileEncoding = 4; lastKnownFileType = sourcecode.swift; path = DashboardDataSource.swift; sourceTree = "<group>"; };
		F3714BA1278BBE10008A0248 /* MarketsDataSource.swift */ = {isa = PBXFileReference; lastKnownFileType = sourcecode.swift; path = MarketsDataSource.swift; sourceTree = "<group>"; };
		F3F4266327852866002EC461 /* IGTest.app */ = {isa = PBXFileReference; explicitFileType = wrapper.application; includeInIndex = 0; path = IGTest.app; sourceTree = BUILT_PRODUCTS_DIR; };
		F3F4266627852866002EC461 /* AppDelegate.swift */ = {isa = PBXFileReference; lastKnownFileType = sourcecode.swift; path = AppDelegate.swift; sourceTree = "<group>"; };
		F3F4266827852866002EC461 /* SceneDelegate.swift */ = {isa = PBXFileReference; lastKnownFileType = sourcecode.swift; path = SceneDelegate.swift; sourceTree = "<group>"; };
		F3F4266A27852866002EC461 /* ViewController.swift */ = {isa = PBXFileReference; lastKnownFileType = sourcecode.swift; path = ViewController.swift; sourceTree = "<group>"; };
		F3F4266F2785286A002EC461 /* Assets.xcassets */ = {isa = PBXFileReference; lastKnownFileType = folder.assetcatalog; path = Assets.xcassets; sourceTree = "<group>"; };
		F3F426722785286A002EC461 /* Base */ = {isa = PBXFileReference; lastKnownFileType = file.storyboard; name = Base; path = Base.lproj/LaunchScreen.storyboard; sourceTree = "<group>"; };
		F3F426742785286A002EC461 /* Info.plist */ = {isa = PBXFileReference; lastKnownFileType = text.plist.xml; path = Info.plist; sourceTree = "<group>"; };
		F3F426792785286A002EC461 /* IGTestTests.xctest */ = {isa = PBXFileReference; explicitFileType = wrapper.cfbundle; includeInIndex = 0; path = IGTestTests.xctest; sourceTree = BUILT_PRODUCTS_DIR; };
		F3F4267D2785286A002EC461 /* IGTestTests.swift */ = {isa = PBXFileReference; lastKnownFileType = sourcecode.swift; path = IGTestTests.swift; sourceTree = "<group>"; };
		F3F426832785286A002EC461 /* IGTestUITests.xctest */ = {isa = PBXFileReference; explicitFileType = wrapper.cfbundle; includeInIndex = 0; path = IGTestUITests.xctest; sourceTree = BUILT_PRODUCTS_DIR; };
		F3F426872785286A002EC461 /* IGTestUITests.swift */ = {isa = PBXFileReference; lastKnownFileType = sourcecode.swift; path = IGTestUITests.swift; sourceTree = "<group>"; };
		F3F426892785286A002EC461 /* IGTestUITestsLaunchTests.swift */ = {isa = PBXFileReference; lastKnownFileType = sourcecode.swift; path = IGTestUITestsLaunchTests.swift; sourceTree = "<group>"; };
		F3F4269727852955002EC461 /* Coordinator.swift */ = {isa = PBXFileReference; lastKnownFileType = sourcecode.swift; path = Coordinator.swift; sourceTree = "<group>"; };
		F3F4269927852A7F002EC461 /* AppCoordinator.swift */ = {isa = PBXFileReference; lastKnownFileType = sourcecode.swift; path = AppCoordinator.swift; sourceTree = "<group>"; };
		F3F4269B27852B06002EC461 /* TabCoordinator.swift */ = {isa = PBXFileReference; lastKnownFileType = sourcecode.swift; path = TabCoordinator.swift; sourceTree = "<group>"; };
/* End PBXFileReference section */

/* Begin PBXFrameworksBuildPhase section */
		F3F4266027852866002EC461 /* Frameworks */ = {
			isa = PBXFrameworksBuildPhase;
			buildActionMask = 2147483647;
			files = (
			);
			runOnlyForDeploymentPostprocessing = 0;
		};
		F3F426762785286A002EC461 /* Frameworks */ = {
			isa = PBXFrameworksBuildPhase;
			buildActionMask = 2147483647;
			files = (
			);
			runOnlyForDeploymentPostprocessing = 0;
		};
		F3F426802785286A002EC461 /* Frameworks */ = {
			isa = PBXFrameworksBuildPhase;
			buildActionMask = 2147483647;
			files = (
			);
			runOnlyForDeploymentPostprocessing = 0;
		};
/* End PBXFrameworksBuildPhase section */

/* Begin PBXGroup section */
		F33ECC67278D0EF5006247AC /* NetworkingTests */ = {
			isa = PBXGroup;
			children = (
				F33ECC68278D0F0D006247AC /* NetworkingDataTaskTests.swift */,
				F33ECC70278D197D006247AC /* NetworkingTests.swift */,
			);
			path = NetworkingTests;
			sourceTree = "<group>";
		};
		F33ECC6C278D140B006247AC /* Models */ = {
			isa = PBXGroup;
			children = (
				F33ECC6A278D13FB006247AC /* Models.swift */,
			);
			path = Models;
			sourceTree = "<group>";
		};
		F33ECC6D278D1929006247AC /* Mocks */ = {
			isa = PBXGroup;
			children = (
				F33ECC6E278D1937006247AC /* MockURLProtocol.swift */,
			);
			path = Mocks;
			sourceTree = "<group>";
		};
		F33ECC8E278D86E9006247AC /* APIs */ = {
			isa = PBXGroup;
			children = (
				F33ECC8F278D8701006247AC /* DailyFxAPITests.swift */,
			);
			path = APIs;
			sourceTree = "<group>";
		};
		F33ECC91278D9F74006247AC /* Internal */ = {
			isa = PBXGroup;
			children = (
				F33ECC92278D9FBD006247AC /* ReportSection.swift */,
				F33ECCB2278E6258006247AC /* MarketSection.swift */,
			);
			path = Internal;
			sourceTree = "<group>";
		};
		F33ECC94278DB022006247AC /* Resources */ = {
			isa = PBXGroup;
			children = (
				F33ECCA8278E4322006247AC /* Color */,
				F33ECC9A278DD6F3006247AC /* Extensions */,
				F33ECC9B278DD7F9006247AC /* Protocols */,
				F33ECC95278DB0BB006247AC /* IGError.swift */,
			);
			path = Resources;
			sourceTree = "<group>";
		};
		F33ECC97278DD66E006247AC /* Views */ = {
			isa = PBXGroup;
			children = (
				F33ECCB6278E7038006247AC /* ArticleDetailView.swift */,
				F33ECC98278DD6E0006247AC /* ReportTableViewCell.swift */,
				F33ECCA2278E01C7006247AC /* LoadingView.swift */,
			);
			path = Views;
			sourceTree = "<group>";
		};
		F33ECC9A278DD6F3006247AC /* Extensions */ = {
			isa = PBXGroup;
			children = (
				F33ECCA0278DE950006247AC /* PublisherExtensions.swift */,
				F33ECC9E278DDFA9006247AC /* UIViewControllerExtensions.swift */,
				F33ECCA6278E02B4006247AC /* UIViewExtensions.swift */,
				F33ECCAB278E43DA006247AC /* UIColorExtensions.swift */,
			);
			path = Extensions;
			sourceTree = "<group>";
		};
		F33ECC9B278DD7F9006247AC /* Protocols */ = {
			isa = PBXGroup;
			children = (
				F33ECC9C278DD806006247AC /* CellProtocol.swift */,
				F33ECCA4278E0217006247AC /* LoadingProtocol.swift */,
			);
			path = Protocols;
			sourceTree = "<group>";
		};
		F33ECCA8278E4322006247AC /* Color */ = {
			isa = PBXGroup;
			children = (
				F33ECCA9278E434A006247AC /* ColorPalette.swift */,
			);
			path = Color;
			sourceTree = "<group>";
		};
		F33ECCD4278ED913006247AC /* Metadata */ = {
			isa = PBXGroup;
			children = (
				F33ECCD5278EDBD6006247AC /* README.md */,
			);
			name = Metadata;
			sourceTree = "<group>";
		};
		F3714B50278A05A7008A0248 /* ViewControllers */ = {
			isa = PBXGroup;
			children = (
				F3714B51278A05C1008A0248 /* TabBarController.swift */,
				F3714B53278A085F008A0248 /* DashboardViewController.swift */,
				F3714B5B278A1774008A0248 /* ArticlesViewController.swift */,
				F3714B5F278A1E0B008A0248 /* ArticleDetailViewController.swift */,
				F3714B59278A0AE3008A0248 /* MarketsViewController.swift */,
			);
			path = ViewControllers;
			sourceTree = "<group>";
		};
		F3714B63278A62D1008A0248 /* Models */ = {
			isa = PBXGroup;
			children = (
				F33ECC91278D9F74006247AC /* Internal */,
				F3714B64278A636B008A0248 /* Author.swift */,
				F3714B66278A641F008A0248 /* Dashboard.swift */,
				F3714B68278A65FC008A0248 /* DailyBriefings.swift */,
				F3714B6A278A660A008A0248 /* Report.swift */,
				F3714B84278B4A77008A0248 /* DiscardableResult.swift */,
				F3714B9C278BB443008A0248 /* Markets.swift */,
				F33ECCB0278E6164006247AC /* Market.swift */,
			);
			path = Models;
			sourceTree = "<group>";
		};
		F3714B6C278A6C04008A0248 /* ViewModels */ = {
			isa = PBXGroup;
			children = (
				F3714B6D278A6C75008A0248 /* ArticlesViewModel.swift */,
				F3714B6F278A6DED008A0248 /* ArticleDetailViewModel.swift */,
				F3714B71278A6E17008A0248 /* MarketsViewModel.swift */,
			);
			path = ViewModels;
			sourceTree = "<group>";
		};
		F3714B73278A756C008A0248 /* Networking */ = {
			isa = PBXGroup;
			children = (
				F3714B81278B412E008A0248 /* Error */,
				F3714B7A278B2AEE008A0248 /* Resources */,
				F3714B74278A757E008A0248 /* Networking.swift */,
				F3714B76278A7BDB008A0248 /* NetworkTask.swift */,
				F3714B7F278B40A0008A0248 /* NetworkDataTask.swift */,
				F3714B78278A7BEA008A0248 /* HTTPMethod.swift */,
			);
			path = Networking;
			sourceTree = "<group>";
		};
		F3714B7A278B2AEE008A0248 /* Resources */ = {
			isa = PBXGroup;
			children = (
				F3714B7B278B2B0C008A0248 /* NetworkConstants.swift */,
			);
			path = Resources;
			sourceTree = "<group>";
		};
		F3714B81278B412E008A0248 /* Error */ = {
			isa = PBXGroup;
			children = (
				F3714B7D278B3519008A0248 /* NetworkingError.swift */,
				F3714B82278B4147008A0248 /* NetworkError.swift */,
			);
			path = Error;
			sourceTree = "<group>";
		};
		F3714B86278B5D8A008A0248 /* DailyFxAPI */ = {
			isa = PBXGroup;
			children = (
				F3714B89278B5DC0008A0248 /* DailyFxAPI.swift */,
				F3714B8B278B6196008A0248 /* Config.swift */,
				F3714B96278BAF68008A0248 /* Endpoint */,
				F3714B97278BAF75008A0248 /* Requests */,
			);
			path = DailyFxAPI;
			sourceTree = "<group>";
		};
		F3714B88278B5DAC008A0248 /* APIs */ = {
			isa = PBXGroup;
			children = (
				F3714B86278B5D8A008A0248 /* DailyFxAPI */,
			);
			path = APIs;
			sourceTree = "<group>";
		};
		F3714B96278BAF68008A0248 /* Endpoint */ = {
			isa = PBXGroup;
			children = (
				F3714B8D278B61D0008A0248 /* Endpoint.swift */,
				F3714B92278BAE84008A0248 /* DashboardEndpoint.swift */,
				F3714B94278BAF20008A0248 /* MarketsEndpoint.swift */,
			);
			path = Endpoint;
			sourceTree = "<group>";
		};
		F3714B97278BAF75008A0248 /* Requests */ = {
			isa = PBXGroup;
			children = (
				F3714B98278BAFE8008A0248 /* DashboardRequests.swift */,
				F3714B9A278BB32C008A0248 /* MarketsRequest.swift */,
			);
			path = Requests;
			sourceTree = "<group>";
		};
		F3714B9E278BBCF2008A0248 /* DataSource */ = {
			isa = PBXGroup;
			children = (
				F3714B9F278BBCF2008A0248 /* DashboardDataSource.swift */,
				F3714BA1278BBE10008A0248 /* MarketsDataSource.swift */,
			);
			path = DataSource;
			sourceTree = "<group>";
		};
		F3F4265A27852866002EC461 = {
			isa = PBXGroup;
			children = (
				F33ECCD4278ED913006247AC /* Metadata */,
				F3F4266527852866002EC461 /* IGTest */,
				F3F4267C2785286A002EC461 /* IGTestTests */,
				F3F426862785286A002EC461 /* IGTestUITests */,
				F3F4266427852866002EC461 /* Products */,
			);
			sourceTree = "<group>";
		};
		F3F4266427852866002EC461 /* Products */ = {
			isa = PBXGroup;
			children = (
				F3F4266327852866002EC461 /* IGTest.app */,
				F3F426792785286A002EC461 /* IGTestTests.xctest */,
				F3F426832785286A002EC461 /* IGTestUITests.xctest */,
			);
			name = Products;
			sourceTree = "<group>";
		};
		F3F4266527852866002EC461 /* IGTest */ = {
			isa = PBXGroup;
			children = (
				F3714B88278B5DAC008A0248 /* APIs */,
				F3F426962785294B002EC461 /* Coordinator */,
				F3714B9E278BBCF2008A0248 /* DataSource */,
				F3714B63278A62D1008A0248 /* Models */,
				F3714B73278A756C008A0248 /* Networking */,
				F33ECC94278DB022006247AC /* Resources */,
				F33ECC97278DD66E006247AC /* Views */,
				F3714B50278A05A7008A0248 /* ViewControllers */,
				F3714B6C278A6C04008A0248 /* ViewModels */,
				F3F4266627852866002EC461 /* AppDelegate.swift */,
				F3F4266827852866002EC461 /* SceneDelegate.swift */,
				F3F4266A27852866002EC461 /* ViewController.swift */,
				F3F4266F2785286A002EC461 /* Assets.xcassets */,
				F3F426712785286A002EC461 /* LaunchScreen.storyboard */,
				F3F426742785286A002EC461 /* Info.plist */,
			);
			path = IGTest;
			sourceTree = "<group>";
		};
		F3F4267C2785286A002EC461 /* IGTestTests */ = {
			isa = PBXGroup;
			children = (
				F33ECC8E278D86E9006247AC /* APIs */,
				F33ECC6D278D1929006247AC /* Mocks */,
				F33ECC6C278D140B006247AC /* Models */,
				F33ECC67278D0EF5006247AC /* NetworkingTests */,
				F3F4267D2785286A002EC461 /* IGTestTests.swift */,
			);
			path = IGTestTests;
			sourceTree = "<group>";
		};
		F3F426862785286A002EC461 /* IGTestUITests */ = {
			isa = PBXGroup;
			children = (
				F3F426872785286A002EC461 /* IGTestUITests.swift */,
				F3F426892785286A002EC461 /* IGTestUITestsLaunchTests.swift */,
			);
			path = IGTestUITests;
			sourceTree = "<group>";
		};
		F3F426962785294B002EC461 /* Coordinator */ = {
			isa = PBXGroup;
			children = (
				F3F4269727852955002EC461 /* Coordinator.swift */,
				F3F4269927852A7F002EC461 /* AppCoordinator.swift */,
				F3F4269B27852B06002EC461 /* TabCoordinator.swift */,
				F3714B55278A091A008A0248 /* DashboardCoordinator.swift */,
				F3714B5D278A17B3008A0248 /* ArticlesCoordinator.swift */,
				F3714B61278A1E29008A0248 /* ArticleDetailCoordinator.swift */,
				F3714B57278A0935008A0248 /* MarketsCoordinator.swift */,
			);
			path = Coordinator;
			sourceTree = "<group>";
		};
/* End PBXGroup section */

/* Begin PBXNativeTarget section */
		F3F4266227852866002EC461 /* IGTest */ = {
			isa = PBXNativeTarget;
			buildConfigurationList = F3F4268D2785286A002EC461 /* Build configuration list for PBXNativeTarget "IGTest" */;
			buildPhases = (
				F3F4265F27852866002EC461 /* Sources */,
				F3F4266027852866002EC461 /* Frameworks */,
				F3F4266127852866002EC461 /* Resources */,
			);
			buildRules = (
			);
			dependencies = (
			);
			name = IGTest;
			productName = IGTest;
			productReference = F3F4266327852866002EC461 /* IGTest.app */;
			productType = "com.apple.product-type.application";
		};
		F3F426782785286A002EC461 /* IGTestTests */ = {
			isa = PBXNativeTarget;
			buildConfigurationList = F3F426902785286A002EC461 /* Build configuration list for PBXNativeTarget "IGTestTests" */;
			buildPhases = (
				F3F426752785286A002EC461 /* Sources */,
				F3F426762785286A002EC461 /* Frameworks */,
				F3F426772785286A002EC461 /* Resources */,
			);
			buildRules = (
			);
			dependencies = (
				F3F4267B2785286A002EC461 /* PBXTargetDependency */,
			);
			name = IGTestTests;
			productName = IGTestTests;
			productReference = F3F426792785286A002EC461 /* IGTestTests.xctest */;
			productType = "com.apple.product-type.bundle.unit-test";
		};
		F3F426822785286A002EC461 /* IGTestUITests */ = {
			isa = PBXNativeTarget;
			buildConfigurationList = F3F426932785286A002EC461 /* Build configuration list for PBXNativeTarget "IGTestUITests" */;
			buildPhases = (
				F3F4267F2785286A002EC461 /* Sources */,
				F3F426802785286A002EC461 /* Frameworks */,
				F3F426812785286A002EC461 /* Resources */,
			);
			buildRules = (
			);
			dependencies = (
				F3F426852785286A002EC461 /* PBXTargetDependency */,
			);
			name = IGTestUITests;
			productName = IGTestUITests;
			productReference = F3F426832785286A002EC461 /* IGTestUITests.xctest */;
			productType = "com.apple.product-type.bundle.ui-testing";
		};
/* End PBXNativeTarget section */

/* Begin PBXProject section */
		F3F4265B27852866002EC461 /* Project object */ = {
			isa = PBXProject;
			attributes = {
				BuildIndependentTargetsInParallel = 1;
				LastSwiftUpdateCheck = 1310;
				LastUpgradeCheck = 1310;
				TargetAttributes = {
					F3F4266227852866002EC461 = {
						CreatedOnToolsVersion = 13.1;
					};
					F3F426782785286A002EC461 = {
						CreatedOnToolsVersion = 13.1;
						TestTargetID = F3F4266227852866002EC461;
					};
					F3F426822785286A002EC461 = {
						CreatedOnToolsVersion = 13.1;
						TestTargetID = F3F4266227852866002EC461;
					};
				};
			};
			buildConfigurationList = F3F4265E27852866002EC461 /* Build configuration list for PBXProject "IGTest" */;
			compatibilityVersion = "Xcode 13.0";
			developmentRegion = en;
			hasScannedForEncodings = 0;
			knownRegions = (
				en,
				Base,
			);
			mainGroup = F3F4265A27852866002EC461;
			productRefGroup = F3F4266427852866002EC461 /* Products */;
			projectDirPath = "";
			projectRoot = "";
			targets = (
				F3F4266227852866002EC461 /* IGTest */,
				F3F426782785286A002EC461 /* IGTestTests */,
				F3F426822785286A002EC461 /* IGTestUITests */,
			);
		};
/* End PBXProject section */

/* Begin PBXResourcesBuildPhase section */
		F3F4266127852866002EC461 /* Resources */ = {
			isa = PBXResourcesBuildPhase;
			buildActionMask = 2147483647;
			files = (
				F33ECCD6278EDBD7006247AC /* README.md in Resources */,
				F3F426732785286A002EC461 /* LaunchScreen.storyboard in Resources */,
				F3F426702785286A002EC461 /* Assets.xcassets in Resources */,
			);
			runOnlyForDeploymentPostprocessing = 0;
		};
		F3F426772785286A002EC461 /* Resources */ = {
			isa = PBXResourcesBuildPhase;
			buildActionMask = 2147483647;
			files = (
			);
			runOnlyForDeploymentPostprocessing = 0;
		};
		F3F426812785286A002EC461 /* Resources */ = {
			isa = PBXResourcesBuildPhase;
			buildActionMask = 2147483647;
			files = (
			);
			runOnlyForDeploymentPostprocessing = 0;
		};
/* End PBXResourcesBuildPhase section */

/* Begin PBXSourcesBuildPhase section */
		F3F4265F27852866002EC461 /* Sources */ = {
			isa = PBXSourcesBuildPhase;
			buildActionMask = 2147483647;
			files = (
				F3714B7C278B2B0C008A0248 /* NetworkConstants.swift in Sources */,
				F3714B85278B4A77008A0248 /* DiscardableResult.swift in Sources */,
				F3714B83278B4147008A0248 /* NetworkError.swift in Sources */,
				F3F4269827852955002EC461 /* Coordinator.swift in Sources */,
				F3714BA2278BBE10008A0248 /* MarketsDataSource.swift in Sources */,
				F3714B77278A7BDB008A0248 /* NetworkTask.swift in Sources */,
				F3714B75278A757E008A0248 /* Networking.swift in Sources */,
				F3714B7E278B3519008A0248 /* NetworkingError.swift in Sources */,
				F3714B6E278A6C75008A0248 /* ArticlesViewModel.swift in Sources */,
				F3714B93278BAE84008A0248 /* DashboardEndpoint.swift in Sources */,
				F33ECCA1278DE950006247AC /* PublisherExtensions.swift in Sources */,
				F33ECC96278DB0BB006247AC /* IGError.swift in Sources */,
				F33ECC93278D9FBD006247AC /* ReportSection.swift in Sources */,
				F3F4266B27852866002EC461 /* ViewController.swift in Sources */,
				F33ECCA3278E01C8006247AC /* LoadingView.swift in Sources */,
				F3714B9D278BB443008A0248 /* Markets.swift in Sources */,
				F33ECCA5278E0217006247AC /* LoadingProtocol.swift in Sources */,
				F3F4269A27852A7F002EC461 /* AppCoordinator.swift in Sources */,
				F3714BA0278BBCF3008A0248 /* DashboardDataSource.swift in Sources */,
				F3714B9B278BB32C008A0248 /* MarketsRequest.swift in Sources */,
				F3714B72278A6E17008A0248 /* MarketsViewModel.swift in Sources */,
				F3714B69278A65FC008A0248 /* DailyBriefings.swift in Sources */,
				F3714B79278A7BEA008A0248 /* HTTPMethod.swift in Sources */,
				F3714B99278BAFE8008A0248 /* DashboardRequests.swift in Sources */,
				F3F4266727852866002EC461 /* AppDelegate.swift in Sources */,
				F33ECC9F278DDFA9006247AC /* UIViewControllerExtensions.swift in Sources */,
				F33ECCB3278E6258006247AC /* MarketSection.swift in Sources */,
				F3714B95278BAF20008A0248 /* MarketsEndpoint.swift in Sources */,
				F33ECCB1278E6165006247AC /* Market.swift in Sources */,
				F3714B62278A1E29008A0248 /* ArticleDetailCoordinator.swift in Sources */,
				F3714B52278A05C1008A0248 /* TabBarController.swift in Sources */,
				F33ECCA7278E02B4006247AC /* UIViewExtensions.swift in Sources */,
				F3714B8A278B5DC0008A0248 /* DailyFxAPI.swift in Sources */,
				F3F4269C27852B06002EC461 /* TabCoordinator.swift in Sources */,
				F3714B80278B40A0008A0248 /* NetworkDataTask.swift in Sources */,
				F3714B5E278A17B3008A0248 /* ArticlesCoordinator.swift in Sources */,
				F3714B6B278A660A008A0248 /* Report.swift in Sources */,
				F33ECCAA278E434A006247AC /* ColorPalette.swift in Sources */,
				F3714B70278A6DED008A0248 /* ArticleDetailViewModel.swift in Sources */,
				F33ECC9D278DD807006247AC /* CellProtocol.swift in Sources */,
				F3714B5A278A0AE3008A0248 /* MarketsViewController.swift in Sources */,
				F3F4266927852866002EC461 /* SceneDelegate.swift in Sources */,
				F3714B65278A636B008A0248 /* Author.swift in Sources */,
				F3714B56278A091A008A0248 /* DashboardCoordinator.swift in Sources */,
				F33ECCAC278E43DA006247AC /* UIColorExtensions.swift in Sources */,
				F3714B60278A1E0B008A0248 /* ArticleDetailViewController.swift in Sources */,
				F3714B5C278A1774008A0248 /* ArticlesViewController.swift in Sources */,
				F33ECC99278DD6E1006247AC /* ReportTableViewCell.swift in Sources */,
				F3714B58278A0935008A0248 /* MarketsCoordinator.swift in Sources */,
				F3714B8C278B6196008A0248 /* Config.swift in Sources */,
				F3714B54278A085F008A0248 /* DashboardViewController.swift in Sources */,
				F3714B8E278B61D0008A0248 /* Endpoint.swift in Sources */,
				F3714B67278A641F008A0248 /* Dashboard.swift in Sources */,
				F33ECCB7278E7039006247AC /* ArticleDetailView.swift in Sources */,
			);
			runOnlyForDeploymentPostprocessing = 0;
		};
		F3F426752785286A002EC461 /* Sources */ = {
			isa = PBXSourcesBuildPhase;
			buildActionMask = 2147483647;
			files = (
				F33ECC6B278D13FB006247AC /* Models.swift in Sources */,
				F33ECC69278D0F0D006247AC /* NetworkingDataTaskTests.swift in Sources */,
				F3F4267E2785286A002EC461 /* IGTestTests.swift in Sources */,
				F33ECC71278D197D006247AC /* NetworkingTests.swift in Sources */,
				F33ECC90278D8701006247AC /* DailyFxAPITests.swift in Sources */,
				F33ECC6F278D1937006247AC /* MockURLProtocol.swift in Sources */,
			);
			runOnlyForDeploymentPostprocessing = 0;
		};
		F3F4267F2785286A002EC461 /* Sources */ = {
			isa = PBXSourcesBuildPhase;
			buildActionMask = 2147483647;
			files = (
				F3F4268A2785286A002EC461 /* IGTestUITestsLaunchTests.swift in Sources */,
				F3F426882785286A002EC461 /* IGTestUITests.swift in Sources */,
			);
			runOnlyForDeploymentPostprocessing = 0;
		};
/* End PBXSourcesBuildPhase section */

/* Begin PBXTargetDependency section */
		F3F4267B2785286A002EC461 /* PBXTargetDependency */ = {
			isa = PBXTargetDependency;
			target = F3F4266227852866002EC461 /* IGTest */;
			targetProxy = F3F4267A2785286A002EC461 /* PBXContainerItemProxy */;
		};
		F3F426852785286A002EC461 /* PBXTargetDependency */ = {
			isa = PBXTargetDependency;
			target = F3F4266227852866002EC461 /* IGTest */;
			targetProxy = F3F426842785286A002EC461 /* PBXContainerItemProxy */;
		};
/* End PBXTargetDependency section */

/* Begin PBXVariantGroup section */
		F3F426712785286A002EC461 /* LaunchScreen.storyboard */ = {
			isa = PBXVariantGroup;
			children = (
				F3F426722785286A002EC461 /* Base */,
			);
			name = LaunchScreen.storyboard;
			sourceTree = "<group>";
		};
/* End PBXVariantGroup section */

/* Begin XCBuildConfiguration section */
		F3F4268B2785286A002EC461 /* Debug */ = {
			isa = XCBuildConfiguration;
			buildSettings = {
				ALWAYS_SEARCH_USER_PATHS = NO;
				CLANG_ANALYZER_NONNULL = YES;
				CLANG_ANALYZER_NUMBER_OBJECT_CONVERSION = YES_AGGRESSIVE;
				CLANG_CXX_LANGUAGE_STANDARD = "gnu++17";
				CLANG_CXX_LIBRARY = "libc++";
				CLANG_ENABLE_MODULES = YES;
				CLANG_ENABLE_OBJC_ARC = YES;
				CLANG_ENABLE_OBJC_WEAK = YES;
				CLANG_WARN_BLOCK_CAPTURE_AUTORELEASING = YES;
				CLANG_WARN_BOOL_CONVERSION = YES;
				CLANG_WARN_COMMA = YES;
				CLANG_WARN_CONSTANT_CONVERSION = YES;
				CLANG_WARN_DEPRECATED_OBJC_IMPLEMENTATIONS = YES;
				CLANG_WARN_DIRECT_OBJC_ISA_USAGE = YES_ERROR;
				CLANG_WARN_DOCUMENTATION_COMMENTS = YES;
				CLANG_WARN_EMPTY_BODY = YES;
				CLANG_WARN_ENUM_CONVERSION = YES;
				CLANG_WARN_INFINITE_RECURSION = YES;
				CLANG_WARN_INT_CONVERSION = YES;
				CLANG_WARN_NON_LITERAL_NULL_CONVERSION = YES;
				CLANG_WARN_OBJC_IMPLICIT_RETAIN_SELF = YES;
				CLANG_WARN_OBJC_LITERAL_CONVERSION = YES;
				CLANG_WARN_OBJC_ROOT_CLASS = YES_ERROR;
				CLANG_WARN_QUOTED_INCLUDE_IN_FRAMEWORK_HEADER = YES;
				CLANG_WARN_RANGE_LOOP_ANALYSIS = YES;
				CLANG_WARN_STRICT_PROTOTYPES = YES;
				CLANG_WARN_SUSPICIOUS_MOVE = YES;
				CLANG_WARN_UNGUARDED_AVAILABILITY = YES_AGGRESSIVE;
				CLANG_WARN_UNREACHABLE_CODE = YES;
				CLANG_WARN__DUPLICATE_METHOD_MATCH = YES;
				COPY_PHASE_STRIP = NO;
				DEBUG_INFORMATION_FORMAT = dwarf;
				ENABLE_STRICT_OBJC_MSGSEND = YES;
				ENABLE_TESTABILITY = YES;
				GCC_C_LANGUAGE_STANDARD = gnu11;
				GCC_DYNAMIC_NO_PIC = NO;
				GCC_NO_COMMON_BLOCKS = YES;
				GCC_OPTIMIZATION_LEVEL = 0;
				GCC_PREPROCESSOR_DEFINITIONS = (
					"DEBUG=1",
					"$(inherited)",
				);
				GCC_WARN_64_TO_32_BIT_CONVERSION = YES;
				GCC_WARN_ABOUT_RETURN_TYPE = YES_ERROR;
				GCC_WARN_UNDECLARED_SELECTOR = YES;
				GCC_WARN_UNINITIALIZED_AUTOS = YES_AGGRESSIVE;
				GCC_WARN_UNUSED_FUNCTION = YES;
				GCC_WARN_UNUSED_VARIABLE = YES;
				IPHONEOS_DEPLOYMENT_TARGET = 13.0;
				MTL_ENABLE_DEBUG_INFO = INCLUDE_SOURCE;
				MTL_FAST_MATH = YES;
				ONLY_ACTIVE_ARCH = YES;
				SDKROOT = iphoneos;
				SWIFT_ACTIVE_COMPILATION_CONDITIONS = DEBUG;
				SWIFT_OPTIMIZATION_LEVEL = "-Onone";
			};
			name = Debug;
		};
		F3F4268C2785286A002EC461 /* Release */ = {
			isa = XCBuildConfiguration;
			buildSettings = {
				ALWAYS_SEARCH_USER_PATHS = NO;
				CLANG_ANALYZER_NONNULL = YES;
				CLANG_ANALYZER_NUMBER_OBJECT_CONVERSION = YES_AGGRESSIVE;
				CLANG_CXX_LANGUAGE_STANDARD = "gnu++17";
				CLANG_CXX_LIBRARY = "libc++";
				CLANG_ENABLE_MODULES = YES;
				CLANG_ENABLE_OBJC_ARC = YES;
				CLANG_ENABLE_OBJC_WEAK = YES;
				CLANG_WARN_BLOCK_CAPTURE_AUTORELEASING = YES;
				CLANG_WARN_BOOL_CONVERSION = YES;
				CLANG_WARN_COMMA = YES;
				CLANG_WARN_CONSTANT_CONVERSION = YES;
				CLANG_WARN_DEPRECATED_OBJC_IMPLEMENTATIONS = YES;
				CLANG_WARN_DIRECT_OBJC_ISA_USAGE = YES_ERROR;
				CLANG_WARN_DOCUMENTATION_COMMENTS = YES;
				CLANG_WARN_EMPTY_BODY = YES;
				CLANG_WARN_ENUM_CONVERSION = YES;
				CLANG_WARN_INFINITE_RECURSION = YES;
				CLANG_WARN_INT_CONVERSION = YES;
				CLANG_WARN_NON_LITERAL_NULL_CONVERSION = YES;
				CLANG_WARN_OBJC_IMPLICIT_RETAIN_SELF = YES;
				CLANG_WARN_OBJC_LITERAL_CONVERSION = YES;
				CLANG_WARN_OBJC_ROOT_CLASS = YES_ERROR;
				CLANG_WARN_QUOTED_INCLUDE_IN_FRAMEWORK_HEADER = YES;
				CLANG_WARN_RANGE_LOOP_ANALYSIS = YES;
				CLANG_WARN_STRICT_PROTOTYPES = YES;
				CLANG_WARN_SUSPICIOUS_MOVE = YES;
				CLANG_WARN_UNGUARDED_AVAILABILITY = YES_AGGRESSIVE;
				CLANG_WARN_UNREACHABLE_CODE = YES;
				CLANG_WARN__DUPLICATE_METHOD_MATCH = YES;
				COPY_PHASE_STRIP = NO;
				DEBUG_INFORMATION_FORMAT = "dwarf-with-dsym";
				ENABLE_NS_ASSERTIONS = NO;
				ENABLE_STRICT_OBJC_MSGSEND = YES;
				GCC_C_LANGUAGE_STANDARD = gnu11;
				GCC_NO_COMMON_BLOCKS = YES;
				GCC_WARN_64_TO_32_BIT_CONVERSION = YES;
				GCC_WARN_ABOUT_RETURN_TYPE = YES_ERROR;
				GCC_WARN_UNDECLARED_SELECTOR = YES;
				GCC_WARN_UNINITIALIZED_AUTOS = YES_AGGRESSIVE;
				GCC_WARN_UNUSED_FUNCTION = YES;
				GCC_WARN_UNUSED_VARIABLE = YES;
				IPHONEOS_DEPLOYMENT_TARGET = 13.0;
				MTL_ENABLE_DEBUG_INFO = NO;
				MTL_FAST_MATH = YES;
				SDKROOT = iphoneos;
				SWIFT_COMPILATION_MODE = wholemodule;
				SWIFT_OPTIMIZATION_LEVEL = "-O";
				VALIDATE_PRODUCT = YES;
			};
			name = Release;
		};
		F3F4268E2785286A002EC461 /* Debug */ = {
			isa = XCBuildConfiguration;
			buildSettings = {
				ASSETCATALOG_COMPILER_APPICON_NAME = AppIcon;
				ASSETCATALOG_COMPILER_GLOBAL_ACCENT_COLOR_NAME = AccentColor;
				CODE_SIGN_STYLE = Automatic;
				CURRENT_PROJECT_VERSION = 1;
				GENERATE_INFOPLIST_FILE = YES;
				INFOPLIST_FILE = IGTest/Info.plist;
				INFOPLIST_KEY_UIApplicationSupportsIndirectInputEvents = YES;
				INFOPLIST_KEY_UILaunchStoryboardName = LaunchScreen;
				INFOPLIST_KEY_UISupportedInterfaceOrientations_iPad = "UIInterfaceOrientationPortrait UIInterfaceOrientationPortraitUpsideDown UIInterfaceOrientationLandscapeLeft UIInterfaceOrientationLandscapeRight";
				INFOPLIST_KEY_UISupportedInterfaceOrientations_iPhone = "UIInterfaceOrientationPortrait UIInterfaceOrientationLandscapeLeft UIInterfaceOrientationLandscapeRight";
				LD_RUNPATH_SEARCH_PATHS = (
					"$(inherited)",
					"@executable_path/Frameworks",
				);
				MARKETING_VERSION = 1.0;
				PRODUCT_BUNDLE_IDENTIFIER = com.choynowski.IGTest;
				PRODUCT_NAME = "$(TARGET_NAME)";
				SWIFT_EMIT_LOC_STRINGS = YES;
				SWIFT_VERSION = 5.0;
				TARGETED_DEVICE_FAMILY = "1,2";
			};
			name = Debug;
		};
		F3F4268F2785286A002EC461 /* Release */ = {
			isa = XCBuildConfiguration;
			buildSettings = {
				ASSETCATALOG_COMPILER_APPICON_NAME = AppIcon;
				ASSETCATALOG_COMPILER_GLOBAL_ACCENT_COLOR_NAME = AccentColor;
				CODE_SIGN_STYLE = Automatic;
				CURRENT_PROJECT_VERSION = 1;
				GENERATE_INFOPLIST_FILE = YES;
				INFOPLIST_FILE = IGTest/Info.plist;
				INFOPLIST_KEY_UIApplicationSupportsIndirectInputEvents = YES;
				INFOPLIST_KEY_UILaunchStoryboardName = LaunchScreen;
				INFOPLIST_KEY_UISupportedInterfaceOrientations_iPad = "UIInterfaceOrientationPortrait UIInterfaceOrientationPortraitUpsideDown UIInterfaceOrientationLandscapeLeft UIInterfaceOrientationLandscapeRight";
				INFOPLIST_KEY_UISupportedInterfaceOrientations_iPhone = "UIInterfaceOrientationPortrait UIInterfaceOrientationLandscapeLeft UIInterfaceOrientationLandscapeRight";
				LD_RUNPATH_SEARCH_PATHS = (
					"$(inherited)",
					"@executable_path/Frameworks",
				);
				MARKETING_VERSION = 1.0;
				PRODUCT_BUNDLE_IDENTIFIER = com.choynowski.IGTest;
				PRODUCT_NAME = "$(TARGET_NAME)";
				SWIFT_EMIT_LOC_STRINGS = YES;
				SWIFT_VERSION = 5.0;
				TARGETED_DEVICE_FAMILY = "1,2";
			};
			name = Release;
		};
		F3F426912785286A002EC461 /* Debug */ = {
			isa = XCBuildConfiguration;
			buildSettings = {
				ALWAYS_EMBED_SWIFT_STANDARD_LIBRARIES = YES;
				BUNDLE_LOADER = "$(TEST_HOST)";
				CODE_SIGN_STYLE = Automatic;
				CURRENT_PROJECT_VERSION = 1;
				GENERATE_INFOPLIST_FILE = YES;
				IPHONEOS_DEPLOYMENT_TARGET = 15.0;
				LD_RUNPATH_SEARCH_PATHS = (
					"$(inherited)",
					"@executable_path/Frameworks",
					"@loader_path/Frameworks",
				);
				MARKETING_VERSION = 1.0;
				PRODUCT_BUNDLE_IDENTIFIER = com.choynowski.IGTestTests;
				PRODUCT_NAME = "$(TARGET_NAME)";
				SWIFT_EMIT_LOC_STRINGS = NO;
				SWIFT_VERSION = 5.0;
				TARGETED_DEVICE_FAMILY = "1,2";
				TEST_HOST = "$(BUILT_PRODUCTS_DIR)/IGTest.app/IGTest";
			};
			name = Debug;
		};
		F3F426922785286A002EC461 /* Release */ = {
			isa = XCBuildConfiguration;
			buildSettings = {
				ALWAYS_EMBED_SWIFT_STANDARD_LIBRARIES = YES;
				BUNDLE_LOADER = "$(TEST_HOST)";
				CODE_SIGN_STYLE = Automatic;
				CURRENT_PROJECT_VERSION = 1;
				GENERATE_INFOPLIST_FILE = YES;
				IPHONEOS_DEPLOYMENT_TARGET = 15.0;
				LD_RUNPATH_SEARCH_PATHS = (
					"$(inherited)",
					"@executable_path/Frameworks",
					"@loader_path/Frameworks",
				);
				MARKETING_VERSION = 1.0;
				PRODUCT_BUNDLE_IDENTIFIER = com.choynowski.IGTestTests;
				PRODUCT_NAME = "$(TARGET_NAME)";
				SWIFT_EMIT_LOC_STRINGS = NO;
				SWIFT_VERSION = 5.0;
				TARGETED_DEVICE_FAMILY = "1,2";
				TEST_HOST = "$(BUILT_PRODUCTS_DIR)/IGTest.app/IGTest";
			};
			name = Release;
		};
		F3F426942785286A002EC461 /* Debug */ = {
			isa = XCBuildConfiguration;
			buildSettings = {
				ALWAYS_EMBED_SWIFT_STANDARD_LIBRARIES = YES;
				CODE_SIGN_STYLE = Automatic;
				CURRENT_PROJECT_VERSION = 1;
				GENERATE_INFOPLIST_FILE = YES;
				LD_RUNPATH_SEARCH_PATHS = (
					"$(inherited)",
					"@executable_path/Frameworks",
					"@loader_path/Frameworks",
				);
				MARKETING_VERSION = 1.0;
				PRODUCT_BUNDLE_IDENTIFIER = com.choynowski.IGTestUITests;
				PRODUCT_NAME = "$(TARGET_NAME)";
				SWIFT_EMIT_LOC_STRINGS = NO;
				SWIFT_VERSION = 5.0;
				TARGETED_DEVICE_FAMILY = "1,2";
				TEST_TARGET_NAME = IGTest;
			};
			name = Debug;
		};
		F3F426952785286A002EC461 /* Release */ = {
			isa = XCBuildConfiguration;
			buildSettings = {
				ALWAYS_EMBED_SWIFT_STANDARD_LIBRARIES = YES;
				CODE_SIGN_STYLE = Automatic;
				CURRENT_PROJECT_VERSION = 1;
				GENERATE_INFOPLIST_FILE = YES;
				LD_RUNPATH_SEARCH_PATHS = (
					"$(inherited)",
					"@executable_path/Frameworks",
					"@loader_path/Frameworks",
				);
				MARKETING_VERSION = 1.0;
				PRODUCT_BUNDLE_IDENTIFIER = com.choynowski.IGTestUITests;
				PRODUCT_NAME = "$(TARGET_NAME)";
				SWIFT_EMIT_LOC_STRINGS = NO;
				SWIFT_VERSION = 5.0;
				TARGETED_DEVICE_FAMILY = "1,2";
				TEST_TARGET_NAME = IGTest;
			};
			name = Release;
		};
/* End XCBuildConfiguration section */

/* Begin XCConfigurationList section */
		F3F4265E27852866002EC461 /* Build configuration list for PBXProject "IGTest" */ = {
			isa = XCConfigurationList;
			buildConfigurations = (
				F3F4268B2785286A002EC461 /* Debug */,
				F3F4268C2785286A002EC461 /* Release */,
			);
			defaultConfigurationIsVisible = 0;
			defaultConfigurationName = Release;
		};
		F3F4268D2785286A002EC461 /* Build configuration list for PBXNativeTarget "IGTest" */ = {
			isa = XCConfigurationList;
			buildConfigurations = (
				F3F4268E2785286A002EC461 /* Debug */,
				F3F4268F2785286A002EC461 /* Release */,
			);
			defaultConfigurationIsVisible = 0;
			defaultConfigurationName = Release;
		};
		F3F426902785286A002EC461 /* Build configuration list for PBXNativeTarget "IGTestTests" */ = {
			isa = XCConfigurationList;
			buildConfigurations = (
				F3F426912785286A002EC461 /* Debug */,
				F3F426922785286A002EC461 /* Release */,
			);
			defaultConfigurationIsVisible = 0;
			defaultConfigurationName = Release;
		};
		F3F426932785286A002EC461 /* Build configuration list for PBXNativeTarget "IGTestUITests" */ = {
			isa = XCConfigurationList;
			buildConfigurations = (
				F3F426942785286A002EC461 /* Debug */,
				F3F426952785286A002EC461 /* Release */,
			);
			defaultConfigurationIsVisible = 0;
			defaultConfigurationName = Release;
		};
/* End XCConfigurationList section */
	};
	rootObject = F3F4265B27852866002EC461 /* Project object */;
}
